
Microsoft Visual Studio Solution File, Format Version 12.00
# Visual Studio Version 17
VisualStudioVersion = 17.2.32516.85
MinimumVisualStudioVersion = 10.0.40219.1
Project("{FAE04EC0-301F-11D3-BF4B-00C04F79EFBC}") = "WebAPI", "WebAPI\WebAPI.csproj", "{0736A969-C9AA-4EE7-A4F8-E7DDBD9C642E}"
EndProject
Project("{2150E333-8FDC-42A3-9474-1A3956D46DE8}") = "WebApi", "WebApi", "{214A0810-F2CB-43A8-96FC-A1B1D34FD24D}"
EndProject
Project("{2150E333-8FDC-42A3-9474-1A3956D46DE8}") = "Logic", "Logic", "{383796A1-CA87-44B3-9C20-00445B074CDB}"
EndProject
Project("{2150E333-8FDC-42A3-9474-1A3956D46DE8}") = "DataAccess", "DataAccess", "{4149F3E1-8F57-4FB9-A70E-B8850B205A8C}"
EndProject
Project("{FAE04EC0-301F-11D3-BF4B-00C04F79EFBC}") = "DataAccess", "DataAccess\DataAccess.csproj", "{C316EBC0-9397-4603-91E6-2D3DA3EC5741}"
EndProject
Project("{FAE04EC0-301F-11D3-BF4B-00C04F79EFBC}") = "AppCoreLogic", "AppCoreLogic\AppCoreLogic.csproj", "{1D499C3A-A90A-4D2E-8D51-64DEE8A09824}"
EndProject
Project("{FAE04EC0-301F-11D3-BF4B-00C04F79EFBC}") = "POJO_DTOs", "POJO_DTOs\POJO_DTOs.csproj", "{749E660D-0BDC-47B6-80D7-CE1078589ECB}"
EndProject
Project("{2150E333-8FDC-42A3-9474-1A3956D46DE8}") = "UI", "UI", "{F079DAB6-FAE6-491E-8C8F-7B2C0FD87170}"
EndProject
Project("{FAE04EC0-301F-11D3-BF4B-00C04F79EFBC}") = "WebUI", "WebUI\WebUI.csproj", "{C4ACABE9-1D35-4C80-BCB0-771122D7F1AC}"
EndProject
Project("{FAE04EC0-301F-11D3-BF4B-00C04F79EFBC}") = "EnvioCorreo", "EnvioCorreo\EnvioCorreo.csproj", "{F3D49593-108C-43D8-9BC7-550E73790391}"
EndProject
Project("{FAE04EC0-301F-11D3-BF4B-00C04F79EFBC}") = "EnvioMensajes", "EnvioMensajes\EnvioMensajes.csproj", "{B37538ED-93A3-4ECC-83AC-2CA87E943ADB}"
EndProject
Project("{FAE04EC0-301F-11D3-BF4B-00C04F79EFBC}") = "PruebaForms", "PruebaForms\PruebaForms.csproj", "{87FFB5BB-8364-417F-B0E4-6BF6691FC682}"
EndProject
Global
	GlobalSection(SolutionConfigurationPlatforms) = preSolution
		Debug|Any CPU = Debug|Any CPU
		Release|Any CPU = Release|Any CPU
	EndGlobalSection
	GlobalSection(ProjectConfigurationPlatforms) = postSolution
		{0736A969-C9AA-4EE7-A4F8-E7DDBD9C642E}.Debug|Any CPU.ActiveCfg = Debug|Any CPU
		{0736A969-C9AA-4EE7-A4F8-E7DDBD9C642E}.Debug|Any CPU.Build.0 = Debug|Any CPU
		{0736A969-C9AA-4EE7-A4F8-E7DDBD9C642E}.Release|Any CPU.ActiveCfg = Release|Any CPU
		{0736A969-C9AA-4EE7-A4F8-E7DDBD9C642E}.Release|Any CPU.Build.0 = Release|Any CPU
		{C316EBC0-9397-4603-91E6-2D3DA3EC5741}.Debug|Any CPU.ActiveCfg = Debug|Any CPU
		{C316EBC0-9397-4603-91E6-2D3DA3EC5741}.Debug|Any CPU.Build.0 = Debug|Any CPU
		{C316EBC0-9397-4603-91E6-2D3DA3EC5741}.Release|Any CPU.ActiveCfg = Release|Any CPU
		{C316EBC0-9397-4603-91E6-2D3DA3EC5741}.Release|Any CPU.Build.0 = Release|Any CPU
		{1D499C3A-A90A-4D2E-8D51-64DEE8A09824}.Debug|Any CPU.ActiveCfg = Debug|Any CPU
		{1D499C3A-A90A-4D2E-8D51-64DEE8A09824}.Debug|Any CPU.Build.0 = Debug|Any CPU
		{1D499C3A-A90A-4D2E-8D51-64DEE8A09824}.Release|Any CPU.ActiveCfg = Release|Any CPU
		{1D499C3A-A90A-4D2E-8D51-64DEE8A09824}.Release|Any CPU.Build.0 = Release|Any CPU
		{749E660D-0BDC-47B6-80D7-CE1078589ECB}.Debug|Any CPU.ActiveCfg = Debug|Any CPU
		{749E660D-0BDC-47B6-80D7-CE1078589ECB}.Debug|Any CPU.Build.0 = Debug|Any CPU
		{749E660D-0BDC-47B6-80D7-CE1078589ECB}.Release|Any CPU.ActiveCfg = Release|Any CPU
		{749E660D-0BDC-47B6-80D7-CE1078589ECB}.Release|Any CPU.Build.0 = Release|Any CPU
		{C4ACABE9-1D35-4C80-BCB0-771122D7F1AC}.Debug|Any CPU.ActiveCfg = Debug|Any CPU
		{C4ACABE9-1D35-4C80-BCB0-771122D7F1AC}.Debug|Any CPU.Build.0 = Debug|Any CPU
		{C4ACABE9-1D35-4C80-BCB0-771122D7F1AC}.Release|Any CPU.ActiveCfg = Release|Any CPU
		{C4ACABE9-1D35-4C80-BCB0-771122D7F1AC}.Release|Any CPU.Build.0 = Release|Any CPU
		{F3D49593-108C-43D8-9BC7-550E73790391}.Debug|Any CPU.ActiveCfg = Debug|Any CPU
		{F3D49593-108C-43D8-9BC7-550E73790391}.Debug|Any CPU.Build.0 = Debug|Any CPU
		{F3D49593-108C-43D8-9BC7-550E73790391}.Release|Any CPU.ActiveCfg = Release|Any CPU
		{F3D49593-108C-43D8-9BC7-550E73790391}.Release|Any CPU.Build.0 = Release|Any CPU
		{B37538ED-93A3-4ECC-83AC-2CA87E943ADB}.Debug|Any CPU.ActiveCfg = Debug|Any CPU
		{B37538ED-93A3-4ECC-83AC-2CA87E943ADB}.Debug|Any CPU.Build.0 = Debug|Any CPU
		{B37538ED-93A3-4ECC-83AC-2CA87E943ADB}.Release|Any CPU.ActiveCfg = Release|Any CPU
		{B37538ED-93A3-4ECC-83AC-2CA87E943ADB}.Release|Any CPU.Build.0 = Release|Any CPU
		{87FFB5BB-8364-417F-B0E4-6BF6691FC682}.Debug|Any CPU.ActiveCfg = Debug|Any CPU
		{87FFB5BB-8364-417F-B0E4-6BF6691FC682}.Debug|Any CPU.Build.0 = Debug|Any CPU
		{87FFB5BB-8364-417F-B0E4-6BF6691FC682}.Release|Any CPU.ActiveCfg = Release|Any CPU
		{87FFB5BB-8364-417F-B0E4-6BF6691FC682}.Release|Any CPU.Build.0 = Release|Any CPU
	EndGlobalSection
	GlobalSection(SolutionProperties) = preSolution
		HideSolutionNode = FALSE
	EndGlobalSection
	GlobalSection(NestedProjects) = preSolution
		{0736A969-C9AA-4EE7-A4F8-E7DDBD9C642E} = {214A0810-F2CB-43A8-96FC-A1B1D34FD24D}
		{C316EBC0-9397-4603-91E6-2D3DA3EC5741} = {4149F3E1-8F57-4FB9-A70E-B8850B205A8C}
		{1D499C3A-A90A-4D2E-8D51-64DEE8A09824} = {383796A1-CA87-44B3-9C20-00445B074CDB}
		{749E660D-0BDC-47B6-80D7-CE1078589ECB} = {383796A1-CA87-44B3-9C20-00445B074CDB}
		{C4ACABE9-1D35-4C80-BCB0-771122D7F1AC} = {F079DAB6-FAE6-491E-8C8F-7B2C0FD87170}
		{F3D49593-108C-43D8-9BC7-550E73790391} = {214A0810-F2CB-43A8-96FC-A1B1D34FD24D}
		{B37538ED-93A3-4ECC-83AC-2CA87E943ADB} = {214A0810-F2CB-43A8-96FC-A1B1D34FD24D}
		{87FFB5BB-8364-417F-B0E4-6BF6691FC682} = {F079DAB6-FAE6-491E-8C8F-7B2C0FD87170}
	EndGlobalSection
	GlobalSection(ExtensibilityGlobals) = postSolution
		SolutionGuid = {A690085B-D78F-4BD3-8B79-0F8541DC84D3}
	EndGlobalSection
EndGlobal
